
Microsoft Visual Studio Solution File, Format Version 12.00
# Visual Studio Version 17
VisualStudioVersion = 17.4.33403.182
MinimumVisualStudioVersion = 10.0.40219.1
Project("{9A19103F-16F7-4668-BE54-9A1E7A4F7556}") = "Allergies", "Allergies.csproj", "{F84D4E4A-4402-4336-9D52-C8756A2F5A9C}"
EndProject
Project("{2150E333-8FDC-42A3-9474-1A3956D46DE8}") = "NewFolder1", "NewFolder1", "{8316AF1F-A97E-4C11-9246-8AD8E7DD3EAA}"
EndProject
Global
	GlobalSection(SolutionConfigurationPlatforms) = preSolution
		Debug|Any CPU = Debug|Any CPU
		Release|Any CPU = Release|Any CPU
	EndGlobalSection
	GlobalSection(ProjectConfigurationPlatforms) = postSolution
		{F84D4E4A-4402-4336-9D52-C8756A2F5A9C}.Debug|Any CPU.ActiveCfg = Debug|Any CPU
		{F84D4E4A-4402-4336-9D52-C8756A2F5A9C}.Debug|Any CPU.Build.0 = Debug|Any CPU
		{F84D4E4A-4402-4336-9D52-C8756A2F5A9C}.Release|Any CPU.ActiveCfg = Release|Any CPU
		{F84D4E4A-4402-4336-9D52-C8756A2F5A9C}.Release|Any CPU.Build.0 = Release|Any CPU
	EndGlobalSection
	GlobalSection(SolutionProperties) = preSolution
		HideSolutionNode = FALSE
	EndGlobalSection
	GlobalSection(ExtensibilityGlobals) = postSolution
		SolutionGuid = {16C3959A-EFD2-4E8A-9E4E-D57FBC4023EA}
	EndGlobalSection
EndGlobal
